
Microsoft Visual Studio Solution File, Format Version 12.00
# Visual Studio Version 16
VisualStudioVersion = 16.0.29609.76
MinimumVisualStudioVersion = 10.0.40219.1
Project("{FAE04EC0-301F-11D3-BF4B-00C04F79EFBC}") = "BaseWpfCore", "BaseWpfCore\BaseWpfCore.csproj", "{68F40363-981B-4814-A2EB-09D1421ACFFE}"
EndProject
Project("{FAE04EC0-301F-11D3-BF4B-00C04F79EFBC}") = "BaseWpfCore.Core", "BaseWpfCore.Core\BaseWpfCore.Core.csproj", "{CDCFB3EA-BDBA-400C-B505-8D4766B900D7}"
EndProject
Global
	GlobalSection(SolutionConfigurationPlatforms) = preSolution
		Debug|Any CPU = Debug|Any CPU
		Release|Any CPU = Release|Any CPU
	EndGlobalSection
	GlobalSection(ProjectConfigurationPlatforms) = postSolution
		{68F40363-981B-4814-A2EB-09D1421ACFFE}.Debug|Any CPU.ActiveCfg = Debug|Any CPU
		{68F40363-981B-4814-A2EB-09D1421ACFFE}.Debug|Any CPU.Build.0 = Debug|Any CPU
		{68F40363-981B-4814-A2EB-09D1421ACFFE}.Release|Any CPU.ActiveCfg = Release|Any CPU
		{68F40363-981B-4814-A2EB-09D1421ACFFE}.Release|Any CPU.Build.0 = Release|Any CPU
		{CDCFB3EA-BDBA-400C-B505-8D4766B900D7}.Debug|Any CPU.ActiveCfg = Debug|Any CPU
		{CDCFB3EA-BDBA-400C-B505-8D4766B900D7}.Debug|Any CPU.Build.0 = Debug|Any CPU
		{CDCFB3EA-BDBA-400C-B505-8D4766B900D7}.Release|Any CPU.ActiveCfg = Release|Any CPU
		{CDCFB3EA-BDBA-400C-B505-8D4766B900D7}.Release|Any CPU.Build.0 = Release|Any CPU
	EndGlobalSection
	GlobalSection(SolutionProperties) = preSolution
		HideSolutionNode = FALSE
	EndGlobalSection
	GlobalSection(ExtensibilityGlobals) = postSolution
		SolutionGuid = {9B35D87B-BA60-4624-8913-950DE441916A}
	EndGlobalSection
EndGlobal
